
Microsoft Visual Studio Solution File, Format Version 11.00
# Visual Studio 2010
Project("{F184B08F-C81C-45F6-A57F-5ABD9991F28F}") = "AGECALCUU", "AGECALCUU\AGECALCUU.vbproj", "{F7367A00-75E7-4BE5-A51F-8262AA72D24F}"
EndProject
Global
	GlobalSection(SolutionConfigurationPlatforms) = preSolution
		Debug|x86 = Debug|x86
		Release|x86 = Release|x86
	EndGlobalSection
	GlobalSection(ProjectConfigurationPlatforms) = postSolution
		{F7367A00-75E7-4BE5-A51F-8262AA72D24F}.Debug|x86.ActiveCfg = Debug|x86
		{F7367A00-75E7-4BE5-A51F-8262AA72D24F}.Debug|x86.Build.0 = Debug|x86
		{F7367A00-75E7-4BE5-A51F-8262AA72D24F}.Release|x86.ActiveCfg = Release|x86
		{F7367A00-75E7-4BE5-A51F-8262AA72D24F}.Release|x86.Build.0 = Release|x86
	EndGlobalSection
	GlobalSection(SolutionProperties) = preSolution
		HideSolutionNode = FALSE
	EndGlobalSection
EndGlobal
