
Microsoft Visual Studio Solution File, Format Version 11.00
# Visual Studio 2010
Project("{F184B08F-C81C-45F6-A57F-5ABD9991F28F}") = "WidowsBoyles", "WidowsBoyles\WidowsBoyles.vbproj", "{310B4977-B79F-46B2-895A-A40628AD5F14}"
EndProject
Global
	GlobalSection(SolutionConfigurationPlatforms) = preSolution
		Debug|x86 = Debug|x86
		Release|x86 = Release|x86
	EndGlobalSection
	GlobalSection(ProjectConfigurationPlatforms) = postSolution
		{310B4977-B79F-46B2-895A-A40628AD5F14}.Debug|x86.ActiveCfg = Debug|x86
		{310B4977-B79F-46B2-895A-A40628AD5F14}.Debug|x86.Build.0 = Debug|x86
		{310B4977-B79F-46B2-895A-A40628AD5F14}.Release|x86.ActiveCfg = Release|x86
		{310B4977-B79F-46B2-895A-A40628AD5F14}.Release|x86.Build.0 = Release|x86
	EndGlobalSection
	GlobalSection(SolutionProperties) = preSolution
		HideSolutionNode = FALSE
	EndGlobalSection
EndGlobal
